
Microsoft Visual Studio Solution File, Format Version 12.00
# Visual Studio Version 16
VisualStudioVersion = 16.0.30717.126
MinimumVisualStudioVersion = 10.0.40219.1
Project("{9A19103F-16F7-4668-BE54-9A1E7A4F7556}") = "MainTest", "MainTest\MainTest.csproj", "{473EBCDC-E273-4531-946F-01E2A5E80297}"
EndProject
Project("{2150E333-8FDC-42A3-9474-1A3956D46DE8}") = "Core", "Core", "{642A192B-08A7-41B3-AF48-C143C22AA547}"
EndProject
Project("{9A19103F-16F7-4668-BE54-9A1E7A4F7556}") = "NP.Utilities", "..\..\..\PYTHON\NumPy\NP.LinearAlgebra\SubModules\NP.Utilities\NP.Utilities.csproj", "{2A7A08AE-1CA0-4D46-9304-6AC53C7C2FBB}"
EndProject
Project("{9A19103F-16F7-4668-BE54-9A1E7A4F7556}") = "NP.Concepts", "..\..\..\PYTHON\NumPy\NP.LinearAlgebra\SubModules\NP.Concepts\NP.Concepts.csproj", "{8ECCAFDE-79A2-4BD3-B52C-3C4B07659263}"
EndProject
Project("{2150E333-8FDC-42A3-9474-1A3956D46DE8}") = "Tests", "Tests", "{954BA367-0D56-44AC-A85F-805F67CDD63E}"
EndProject
Global
	GlobalSection(SolutionConfigurationPlatforms) = preSolution
		Debug|Any CPU = Debug|Any CPU
		Release|Any CPU = Release|Any CPU
	EndGlobalSection
	GlobalSection(ProjectConfigurationPlatforms) = postSolution
		{473EBCDC-E273-4531-946F-01E2A5E80297}.Debug|Any CPU.ActiveCfg = Debug|Any CPU
		{473EBCDC-E273-4531-946F-01E2A5E80297}.Debug|Any CPU.Build.0 = Debug|Any CPU
		{473EBCDC-E273-4531-946F-01E2A5E80297}.Release|Any CPU.ActiveCfg = Release|Any CPU
		{473EBCDC-E273-4531-946F-01E2A5E80297}.Release|Any CPU.Build.0 = Release|Any CPU
		{2A7A08AE-1CA0-4D46-9304-6AC53C7C2FBB}.Debug|Any CPU.ActiveCfg = Debug|Any CPU
		{2A7A08AE-1CA0-4D46-9304-6AC53C7C2FBB}.Debug|Any CPU.Build.0 = Debug|Any CPU
		{2A7A08AE-1CA0-4D46-9304-6AC53C7C2FBB}.Release|Any CPU.ActiveCfg = Release|Any CPU
		{2A7A08AE-1CA0-4D46-9304-6AC53C7C2FBB}.Release|Any CPU.Build.0 = Release|Any CPU
		{8ECCAFDE-79A2-4BD3-B52C-3C4B07659263}.Debug|Any CPU.ActiveCfg = Debug|Any CPU
		{8ECCAFDE-79A2-4BD3-B52C-3C4B07659263}.Debug|Any CPU.Build.0 = Debug|Any CPU
		{8ECCAFDE-79A2-4BD3-B52C-3C4B07659263}.Release|Any CPU.ActiveCfg = Release|Any CPU
		{8ECCAFDE-79A2-4BD3-B52C-3C4B07659263}.Release|Any CPU.Build.0 = Release|Any CPU
	EndGlobalSection
	GlobalSection(SolutionProperties) = preSolution
		HideSolutionNode = FALSE
	EndGlobalSection
	GlobalSection(NestedProjects) = preSolution
		{473EBCDC-E273-4531-946F-01E2A5E80297} = {954BA367-0D56-44AC-A85F-805F67CDD63E}
		{2A7A08AE-1CA0-4D46-9304-6AC53C7C2FBB} = {642A192B-08A7-41B3-AF48-C143C22AA547}
		{8ECCAFDE-79A2-4BD3-B52C-3C4B07659263} = {642A192B-08A7-41B3-AF48-C143C22AA547}
	EndGlobalSection
	GlobalSection(ExtensibilityGlobals) = postSolution
		SolutionGuid = {371AF282-C976-468E-B503-B75BEA3894F3}
	EndGlobalSection
EndGlobal
